// !$*UTF8*$!
{
	archiveVersion = 1;
	classes = {
	};
	objectVersion = 77;
	objects = {

/* Begin PBXContainerItemProxy section */
		E71F53002F0F45A700EB6FFF /* PBXContainerItemProxy */ = {
			isa = PBXContainerItemProxy;
			containerPortal = E71F52EA2F0F45A600EB6FFF /* Project object */;
			proxyType = 1;
			remoteGlobalIDString = E71F52F12F0F45A600EB6FFF;
			remoteInfo = EnvRibbon;
		};
		E71F530A2F0F45A700EB6FFF /* PBXContainerItemProxy */ = {
			isa = PBXContainerItemProxy;
			containerPortal = E71F52EA2F0F45A600EB6FFF /* Project object */;
			proxyType = 1;
			remoteGlobalIDString = E71F52F12F0F45A600EB6FFF;
			remoteInfo = EnvRibbon;
		};
/* End PBXContainerItemProxy section */

/* Begin PBXFileReference section */
		E71F52F22F0F45A600EB6FFF /* EnvRibbon.app */ = {isa = PBXFileReference; explicitFileType = wrapper.application; includeInIndex = 0; path = EnvRibbon.app; sourceTree = BUILT_PRODUCTS_DIR; };
		E71F52FF2F0F45A700EB6FFF /* EnvRibbonTests.xctest */ = {isa = PBXFileReference; explicitFileType = wrapper.cfbundle; includeInIndex = 0; path = EnvRibbonTests.xctest; sourceTree = BUILT_PRODUCTS_DIR; };
		E71F53092F0F45A700EB6FFF /* EnvRibbonUITests.xctest */ = {isa = PBXFileReference; explicitFileType = wrapper.cfbundle; includeInIndex = 0; path = EnvRibbonUITests.xctest; sourceTree = BUILT_PRODUCTS_DIR; };
/* End PBXFileReference section */

/* Begin PBXFileSystemSynchronizedRootGroup section */
		E71F52F42F0F45A600EB6FFF /* EnvRibbon */ = {
			isa = PBXFileSystemSynchronizedRootGroup;
			path = EnvRibbon;
			sourceTree = "<group>";
		};
		E71F53022F0F45A700EB6FFF /* EnvRibbonTests */ = {
			isa = PBXFileSystemSynchronizedRootGroup;
			path = EnvRibbonTests;
			sourceTree = "<group>";
		};
		E71F530C2F0F45A700EB6FFF /* EnvRibbonUITests */ = {
			isa = PBXFileSystemSynchronizedRootGroup;
			path = EnvRibbonUITests;
			sourceTree = "<group>";
		};
/* End PBXFileSystemSynchronizedRootGroup section */

/* Begin PBXFrameworksBuildPhase section */
		E71F52EF2F0F45A600EB6FFF /* Frameworks */ = {
			isa = PBXFrameworksBuildPhase;
			buildActionMask = 2147483647;
			files = (
			);
			runOnlyForDeploymentPostprocessing = 0;
		};
		E71F52FC2F0F45A700EB6FFF /* Frameworks */ = {
			isa = PBXFrameworksBuildPhase;
			buildActionMask = 2147483647;
			files = (
			);
			runOnlyForDeploymentPostprocessing = 0;
		};
		E71F53062F0F45A700EB6FFF /* Frameworks */ = {
			isa = PBXFrameworksBuildPhase;
			buildActionMask = 2147483647;
			files = (
			);
			runOnlyForDeploymentPostprocessing = 0;
		};
/* End PBXFrameworksBuildPhase section */

/* Begin PBXGroup section */
		E71F52E92F0F45A600EB6FFF = {
			isa = PBXGroup;
			children = (
				E71F52F42F0F45A600EB6FFF /* EnvRibbon */,
				E71F53022F0F45A700EB6FFF /* EnvRibbonTests */,
				E71F530C2F0F45A700EB6FFF /* EnvRibbonUITests */,
				E71F52F32F0F45A600EB6FFF /* Products */,
			);
			sourceTree = "<group>";
		};
		E71F52F32F0F45A600EB6FFF /* Products */ = {
			isa = PBXGroup;
			children = (
				E71F52F22F0F45A600EB6FFF /* EnvRibbon.app */,
				E71F52FF2F0F45A700EB6FFF /* EnvRibbonTests.xctest */,
				E71F53092F0F45A700EB6FFF /* EnvRibbonUITests.xctest */,
			);
			name = Products;
			sourceTree = "<group>";
		};
/* End PBXGroup section */

/* Begin PBXNativeTarget section */
		E71F52F12F0F45A600EB6FFF /* EnvRibbon */ = {
			isa = PBXNativeTarget;
			buildConfigurationList = E71F53132F0F45A700EB6FFF /* Build configuration list for PBXNativeTarget "EnvRibbon" */;
			buildPhases = (
				E71F52EE2F0F45A600EB6FFF /* Sources */,
				E71F52EF2F0F45A600EB6FFF /* Frameworks */,
				E71F52F02F0F45A600EB6FFF /* Resources */,
			);
			buildRules = (
			);
			dependencies = (
			);
			fileSystemSynchronizedGroups = (
				E71F52F42F0F45A600EB6FFF /* EnvRibbon */,
			);
			name = EnvRibbon;
			packageProductDependencies = (
			);
			productName = EnvRibbon;
			productReference = E71F52F22F0F45A600EB6FFF /* EnvRibbon.app */;
			productType = "com.apple.product-type.application";
		};
		E71F52FE2F0F45A700EB6FFF /* EnvRibbonTests */ = {
			isa = PBXNativeTarget;
			buildConfigurationList = E71F53162F0F45A700EB6FFF /* Build configuration list for PBXNativeTarget "EnvRibbonTests" */;
			buildPhases = (
				E71F52FB2F0F45A700EB6FFF /* Sources */,
				E71F52FC2F0F45A700EB6FFF /* Frameworks */,
				E71F52FD2F0F45A700EB6FFF /* Resources */,
			);
			buildRules = (
			);
			dependencies = (
				E71F53012F0F45A700EB6FFF /* PBXTargetDependency */,
			);
			fileSystemSynchronizedGroups = (
				E71F53022F0F45A700EB6FFF /* EnvRibbonTests */,
			);
			name = EnvRibbonTests;
			packageProductDependencies = (
			);
			productName = EnvRibbonTests;
			productReference = E71F52FF2F0F45A700EB6FFF /* EnvRibbonTests.xctest */;
			productType = "com.apple.product-type.bundle.unit-test";
		};
		E71F53082F0F45A700EB6FFF /* EnvRibbonUITests */ = {
			isa = PBXNativeTarget;
			buildConfigurationList = E71F53192F0F45A700EB6FFF /* Build configuration list for PBXNativeTarget "EnvRibbonUITests" */;
			buildPhases = (
				E71F53052F0F45A700EB6FFF /* Sources */,
				E71F53062F0F45A700EB6FFF /* Frameworks */,
				E71F53072F0F45A700EB6FFF /* Resources */,
			);
			buildRules = (
			);
			dependencies = (
				E71F530B2F0F45A700EB6FFF /* PBXTargetDependency */,
			);
			fileSystemSynchronizedGroups = (
				E71F530C2F0F45A700EB6FFF /* EnvRibbonUITests */,
			);
			name = EnvRibbonUITests;
			packageProductDependencies = (
			);
			productName = EnvRibbonUITests;
			productReference = E71F53092F0F45A700EB6FFF /* EnvRibbonUITests.xctest */;
			productType = "com.apple.product-type.bundle.ui-testing";
		};
/* End PBXNativeTarget section */

/* Begin PBXProject section */
		E71F52EA2F0F45A600EB6FFF /* Project object */ = {
			isa = PBXProject;
			attributes = {
				BuildIndependentTargetsInParallel = 1;
				LastSwiftUpdateCheck = 2620;
				LastUpgradeCheck = 2620;
				TargetAttributes = {
					E71F52F12F0F45A600EB6FFF = {
						CreatedOnToolsVersion = 26.2;
						LastSwiftMigration = 2620;
					};
					E71F52FE2F0F45A700EB6FFF = {
						CreatedOnToolsVersion = 26.2;
						TestTargetID = E71F52F12F0F45A600EB6FFF;
					};
					E71F53082F0F45A700EB6FFF = {
						CreatedOnToolsVersion = 26.2;
						TestTargetID = E71F52F12F0F45A600EB6FFF;
					};
				};
			};
			buildConfigurationList = E71F52ED2F0F45A600EB6FFF /* Build configuration list for PBXProject "EnvRibbon" */;
			developmentRegion = en;
			hasScannedForEncodings = 0;
			knownRegions = (
				en,
				Base,
			);
			mainGroup = E71F52E92F0F45A600EB6FFF;
			minimizedProjectReferenceProxies = 1;
			preferredProjectObjectVersion = 77;
			productRefGroup = E71F52F32F0F45A600EB6FFF /* Products */;
			projectDirPath = "";
			projectRoot = "";
			targets = (
				E71F52F12F0F45A600EB6FFF /* EnvRibbon */,
				E71F52FE2F0F45A700EB6FFF /* EnvRibbonTests */,
				E71F53082F0F45A700EB6FFF /* EnvRibbonUITests */,
			);
		};
/* End PBXProject section */

/* Begin PBXResourcesBuildPhase section */
		E71F52F02F0F45A600EB6FFF /* Resources */ = {
			isa = PBXResourcesBuildPhase;
			buildActionMask = 2147483647;
			files = (
			);
			runOnlyForDeploymentPostprocessing = 0;
		};
		E71F52FD2F0F45A700EB6FFF /* Resources */ = {
			isa = PBXResourcesBuildPhase;
			buildActionMask = 2147483647;
			files = (
			);
			runOnlyForDeploymentPostprocessing = 0;
		};
		E71F53072F0F45A700EB6FFF /* Resources */ = {
			isa = PBXResourcesBuildPhase;
			buildActionMask = 2147483647;
			files = (
			);
			runOnlyForDeploymentPostprocessing = 0;
		};
/* End PBXResourcesBuildPhase section */

/* Begin PBXSourcesBuildPhase section */
		E71F52EE2F0F45A600EB6FFF /* Sources */ = {
			isa = PBXSourcesBuildPhase;
			buildActionMask = 2147483647;
			files = (
			);
			runOnlyForDeploymentPostprocessing = 0;
		};
		E71F52FB2F0F45A700EB6FFF /* Sources */ = {
			isa = PBXSourcesBuildPhase;
			buildActionMask = 2147483647;
			files = (
			);
			runOnlyForDeploymentPostprocessing = 0;
		};
		E71F53052F0F45A700EB6FFF /* Sources */ = {
			isa = PBXSourcesBuildPhase;
			buildActionMask = 2147483647;
			files = (
			);
			runOnlyForDeploymentPostprocessing = 0;
		};
/* End PBXSourcesBuildPhase section */

/* Begin PBXTargetDependency section */
		E71F53012F0F45A700EB6FFF /* PBXTargetDependency */ = {
			isa = PBXTargetDependency;
			target = E71F52F12F0F45A600EB6FFF /* EnvRibbon */;
			targetProxy = E71F53002F0F45A700EB6FFF /* PBXContainerItemProxy */;
		};
		E71F530B2F0F45A700EB6FFF /* PBXTargetDependency */ = {
			isa = PBXTargetDependency;
			target = E71F52F12F0F45A600EB6FFF /* EnvRibbon */;
			targetProxy = E71F530A2F0F45A700EB6FFF /* PBXContainerItemProxy */;
		};
/* End PBXTargetDependency section */

/* Begin XCBuildConfiguration section */
		E71F53112F0F45A700EB6FFF /* Debug */ = {
			isa = XCBuildConfiguration;
			buildSettings = {
				ALWAYS_SEARCH_USER_PATHS = NO;
				ASSETCATALOG_COMPILER_GENERATE_SWIFT_ASSET_SYMBOL_EXTENSIONS = YES;
				CLANG_ANALYZER_NONNULL = YES;
				CLANG_ANALYZER_NUMBER_OBJECT_CONVERSION = YES_AGGRESSIVE;
				CLANG_CXX_LANGUAGE_STANDARD = "gnu++20";
				CLANG_ENABLE_MODULES = YES;
				CLANG_ENABLE_OBJC_ARC = YES;
				CLANG_ENABLE_OBJC_WEAK = YES;
				CLANG_WARN_BLOCK_CAPTURE_AUTORELEASING = YES;
				CLANG_WARN_BOOL_CONVERSION = YES;
				CLANG_WARN_COMMA = YES;
				CLANG_WARN_CONSTANT_CONVERSION = YES;
				CLANG_WARN_DEPRECATED_OBJC_IMPLEMENTATIONS = YES;
				CLANG_WARN_DIRECT_OBJC_ISA_USAGE = YES_ERROR;
				CLANG_WARN_DOCUMENTATION_COMMENTS = YES;
				CLANG_WARN_EMPTY_BODY = YES;
				CLANG_WARN_ENUM_CONVERSION = YES;
				CLANG_WARN_INFINITE_RECURSION = YES;
				CLANG_WARN_INT_CONVERSION = YES;
				CLANG_WARN_NON_LITERAL_NULL_CONVERSION = YES;
				CLANG_WARN_OBJC_IMPLICIT_RETAIN_SELF = YES;
				CLANG_WARN_OBJC_LITERAL_CONVERSION = YES;
				CLANG_WARN_OBJC_ROOT_CLASS = YES_ERROR;
				CLANG_WARN_QUOTED_INCLUDE_IN_FRAMEWORK_HEADER = YES;
				CLANG_WARN_RANGE_LOOP_ANALYSIS = YES;
				CLANG_WARN_STRICT_PROTOTYPES = YES;
				CLANG_WARN_SUSPICIOUS_MOVE = YES;
				CLANG_WARN_UNGUARDED_AVAILABILITY = YES_AGGRESSIVE;
				CLANG_WARN_UNREACHABLE_CODE = YES;
				CLANG_WARN__DUPLICATE_METHOD_MATCH = YES;
				COPY_PHASE_STRIP = NO;
				DEBUG_INFORMATION_FORMAT = dwarf;
				DEVELOPMENT_TEAM = K592PDZV3J;
				ENABLE_STRICT_OBJC_MSGSEND = YES;
				ENABLE_TESTABILITY = YES;
				ENABLE_USER_SCRIPT_SANDBOXING = YES;
				GCC_C_LANGUAGE_STANDARD = gnu17;
				GCC_DYNAMIC_NO_PIC = NO;
				GCC_NO_COMMON_BLOCKS = YES;
				GCC_OPTIMIZATION_LEVEL = 0;
				GCC_PREPROCESSOR_DEFINITIONS = (
					"DEBUG=1",
					"$(inherited)",
				);
				GCC_WARN_64_TO_32_BIT_CONVERSION = YES;
				GCC_WARN_ABOUT_RETURN_TYPE = YES_ERROR;
				GCC_WARN_UNDECLARED_SELECTOR = YES;
				GCC_WARN_UNINITIALIZED_AUTOS = YES_AGGRESSIVE;
				GCC_WARN_UNUSED_FUNCTION = YES;
				GCC_WARN_UNUSED_VARIABLE = YES;
				LOCALIZATION_PREFERS_STRING_CATALOGS = YES;
				MACOSX_DEPLOYMENT_TARGET = 26.1;
				MTL_ENABLE_DEBUG_INFO = INCLUDE_SOURCE;
				MTL_FAST_MATH = YES;
				ONLY_ACTIVE_ARCH = YES;
				SDKROOT = macosx;
				SWIFT_ACTIVE_COMPILATION_CONDITIONS = "DEBUG $(inherited)";
				SWIFT_OPTIMIZATION_LEVEL = "-Onone";
			};
			name = Debug;
		};
		E71F53122F0F45A700EB6FFF /* Release */ = {
			isa = XCBuildConfiguration;
			buildSettings = {
				ALWAYS_SEARCH_USER_PATHS = NO;
				ASSETCATALOG_COMPILER_GENERATE_SWIFT_ASSET_SYMBOL_EXTENSIONS = YES;
				CLANG_ANALYZER_NONNULL = YES;
				CLANG_ANALYZER_NUMBER_OBJECT_CONVERSION = YES_AGGRESSIVE;
				CLANG_CXX_LANGUAGE_STANDARD = "gnu++20";
				CLANG_ENABLE_MODULES = YES;
				CLANG_ENABLE_OBJC_ARC = YES;
				CLANG_ENABLE_OBJC_WEAK = YES;
				CLANG_WARN_BLOCK_CAPTURE_AUTORELEASING = YES;
				CLANG_WARN_BOOL_CONVERSION = YES;
				CLANG_WARN_COMMA = YES;
				CLANG_WARN_CONSTANT_CONVERSION = YES;
				CLANG_WARN_DEPRECATED_OBJC_IMPLEMENTATIONS = YES;
				CLANG_WARN_DIRECT_OBJC_ISA_USAGE = YES_ERROR;
				CLANG_WARN_DOCUMENTATION_COMMENTS = YES;
				CLANG_WARN_EMPTY_BODY = YES;
				CLANG_WARN_ENUM_CONVERSION = YES;
				CLANG_WARN_INFINITE_RECURSION = YES;
				CLANG_WARN_INT_CONVERSION = YES;
				CLANG_WARN_NON_LITERAL_NULL_CONVERSION = YES;
				CLANG_WARN_OBJC_IMPLICIT_RETAIN_SELF = YES;
				CLANG_WARN_OBJC_LITERAL_CONVERSION = YES;
				CLANG_WARN_OBJC_ROOT_CLASS = YES_ERROR;
				CLANG_WARN_QUOTED_INCLUDE_IN_FRAMEWORK_HEADER = YES;
				CLANG_WARN_RANGE_LOOP_ANALYSIS = YES;
				CLANG_WARN_STRICT_PROTOTYPES = YES;
				CLANG_WARN_SUSPICIOUS_MOVE = YES;
				CLANG_WARN_UNGUARDED_AVAILABILITY = YES_AGGRESSIVE;
				CLANG_WARN_UNREACHABLE_CODE = YES;
				CLANG_WARN__DUPLICATE_METHOD_MATCH = YES;
				COPY_PHASE_STRIP = NO;
				DEBUG_INFORMATION_FORMAT = "dwarf-with-dsym";
				DEVELOPMENT_TEAM = K592PDZV3J;
				ENABLE_NS_ASSERTIONS = NO;
				ENABLE_STRICT_OBJC_MSGSEND = YES;
				ENABLE_USER_SCRIPT_SANDBOXING = YES;
				GCC_C_LANGUAGE_STANDARD = gnu17;
				GCC_NO_COMMON_BLOCKS = YES;
				GCC_WARN_64_TO_32_BIT_CONVERSION = YES;
				GCC_WARN_ABOUT_RETURN_TYPE = YES_ERROR;
				GCC_WARN_UNDECLARED_SELECTOR = YES;
				GCC_WARN_UNINITIALIZED_AUTOS = YES_AGGRESSIVE;
				GCC_WARN_UNUSED_FUNCTION = YES;
				GCC_WARN_UNUSED_VARIABLE = YES;
				LOCALIZATION_PREFERS_STRING_CATALOGS = YES;
				MACOSX_DEPLOYMENT_TARGET = 26.1;
				MTL_ENABLE_DEBUG_INFO = NO;
				MTL_FAST_MATH = YES;
				SDKROOT = macosx;
				SWIFT_COMPILATION_MODE = wholemodule;
			};
			name = Release;
		};
		E71F53142F0F45A700EB6FFF /* Debug */ = {
			isa = XCBuildConfiguration;
			buildSettings = {
				ASSETCATALOG_COMPILER_APPICON_NAME = AppIcon;
				ASSETCATALOG_COMPILER_GLOBAL_ACCENT_COLOR_NAME = AccentColor;
				CLANG_ENABLE_MODULES = YES;
				CODE_SIGN_ENTITLEMENTS = EnvRibbon/EnvRibbon.entitlements;
				CODE_SIGN_STYLE = Automatic;
				COMBINE_HIDPI_IMAGES = YES;
				CURRENT_PROJECT_VERSION = 1;
				DEVELOPMENT_TEAM = K592PDZV3J;
				ENABLE_APP_SANDBOX = YES;
				ENABLE_HARDENED_RUNTIME = YES;
				ENABLE_PREVIEWS = YES;
				ENABLE_USER_SELECTED_FILES = readonly;
				GENERATE_INFOPLIST_FILE = YES;
				INFOPLIST_KEY_LSApplicationCategoryType = "public.app-category.utilities";
				INFOPLIST_KEY_NSHumanReadableCopyright = "";
				LD_RUNPATH_SEARCH_PATHS = (
					"$(inherited)",
					"@executable_path/../Frameworks",
				);
				MARKETING_VERSION = 1.0;
				PRODUCT_BUNDLE_IDENTIFIER = BentoWeb.EnvRibbon;
				PRODUCT_NAME = "$(TARGET_NAME)";
				REGISTER_APP_GROUPS = YES;
				STRING_CATALOG_GENERATE_SYMBOLS = YES;
				SWIFT_APPROACHABLE_CONCURRENCY = YES;
				SWIFT_DEFAULT_ACTOR_ISOLATION = MainActor;
				SWIFT_EMIT_LOC_STRINGS = YES;
				SWIFT_OPTIMIZATION_LEVEL = "-Onone";
				SWIFT_UPCOMING_FEATURE_MEMBER_IMPORT_VISIBILITY = YES;
				SWIFT_VERSION = 5.0;
			};
			name = Debug;
		};
		E71F53152F0F45A700EB6FFF /* Release */ = {
			isa = XCBuildConfiguration;
			buildSettings = {
				ASSETCATALOG_COMPILER_APPICON_NAME = AppIcon;
				ASSETCATALOG_COMPILER_GLOBAL_ACCENT_COLOR_NAME = AccentColor;
				CLANG_ENABLE_MODULES = YES;
				CODE_SIGN_ENTITLEMENTS = EnvRibbon/EnvRibbon.entitlements;
				CODE_SIGN_STYLE = Automatic;
				COMBINE_HIDPI_IMAGES = YES;
				CURRENT_PROJECT_VERSION = 1;
				DEVELOPMENT_TEAM = K592PDZV3J;
				ENABLE_APP_SANDBOX = YES;
				ENABLE_HARDENED_RUNTIME = YES;
				ENABLE_PREVIEWS = YES;
				ENABLE_USER_SELECTED_FILES = readonly;
				GENERATE_INFOPLIST_FILE = YES;
				INFOPLIST_KEY_LSApplicationCategoryType = "public.app-category.utilities";
				INFOPLIST_KEY_NSHumanReadableCopyright = "";
				LD_RUNPATH_SEARCH_PATHS = (
					"$(inherited)",
					"@executable_path/../Frameworks",
				);
				MARKETING_VERSION = 1.0;
				PRODUCT_BUNDLE_IDENTIFIER = BentoWeb.EnvRibbon;
				PRODUCT_NAME = "$(TARGET_NAME)";
				REGISTER_APP_GROUPS = YES;
				STRING_CATALOG_GENERATE_SYMBOLS = YES;
				SWIFT_APPROACHABLE_CONCURRENCY = YES;
				SWIFT_DEFAULT_ACTOR_ISOLATION = MainActor;
				SWIFT_EMIT_LOC_STRINGS = YES;
				SWIFT_UPCOMING_FEATURE_MEMBER_IMPORT_VISIBILITY = YES;
				SWIFT_VERSION = 5.0;
			};
			name = Release;
		};
		E71F53172F0F45A700EB6FFF /* Debug */ = {
			isa = XCBuildConfiguration;
			buildSettings = {
				BUNDLE_LOADER = "$(TEST_HOST)";
				CODE_SIGN_STYLE = Automatic;
				CURRENT_PROJECT_VERSION = 1;
				DEVELOPMENT_TEAM = K592PDZV3J;
				GENERATE_INFOPLIST_FILE = YES;
				MACOSX_DEPLOYMENT_TARGET = 26.1;
				MARKETING_VERSION = 1.0;
				PRODUCT_BUNDLE_IDENTIFIER = BentoWeb.EnvRibbonTests;
				PRODUCT_NAME = "$(TARGET_NAME)";
				STRING_CATALOG_GENERATE_SYMBOLS = NO;
				SWIFT_APPROACHABLE_CONCURRENCY = YES;
				SWIFT_EMIT_LOC_STRINGS = NO;
				SWIFT_UPCOMING_FEATURE_MEMBER_IMPORT_VISIBILITY = YES;
				SWIFT_VERSION = 5.0;
				TEST_HOST = "$(BUILT_PRODUCTS_DIR)/EnvRibbon.app/$(BUNDLE_EXECUTABLE_FOLDER_PATH)/EnvRibbon";
			};
			name = Debug;
		};
		E71F53182F0F45A700EB6FFF /* Release */ = {
			isa = XCBuildConfiguration;
			buildSettings = {
				BUNDLE_LOADER = "$(TEST_HOST)";
				CODE_SIGN_STYLE = Automatic;
				CURRENT_PROJECT_VERSION = 1;
				DEVELOPMENT_TEAM = K592PDZV3J;
				GENERATE_INFOPLIST_FILE = YES;
				MACOSX_DEPLOYMENT_TARGET = 26.1;
				MARKETING_VERSION = 1.0;
				PRODUCT_BUNDLE_IDENTIFIER = BentoWeb.EnvRibbonTests;
				PRODUCT_NAME = "$(TARGET_NAME)";
				STRING_CATALOG_GENERATE_SYMBOLS = NO;
				SWIFT_APPROACHABLE_CONCURRENCY = YES;
				SWIFT_EMIT_LOC_STRINGS = NO;
				SWIFT_UPCOMING_FEATURE_MEMBER_IMPORT_VISIBILITY = YES;
				SWIFT_VERSION = 5.0;
				TEST_HOST = "$(BUILT_PRODUCTS_DIR)/EnvRibbon.app/$(BUNDLE_EXECUTABLE_FOLDER_PATH)/EnvRibbon";
			};
			name = Release;
		};
		E71F531A2F0F45A700EB6FFF /* Debug */ = {
			isa = XCBuildConfiguration;
			buildSettings = {
				CODE_SIGN_STYLE = Automatic;
				CURRENT_PROJECT_VERSION = 1;
				DEVELOPMENT_TEAM = K592PDZV3J;
				GENERATE_INFOPLIST_FILE = YES;
				MARKETING_VERSION = 1.0;
				PRODUCT_BUNDLE_IDENTIFIER = BentoWeb.EnvRibbonUITests;
				PRODUCT_NAME = "$(TARGET_NAME)";
				STRING_CATALOG_GENERATE_SYMBOLS = NO;
				SWIFT_APPROACHABLE_CONCURRENCY = YES;
				SWIFT_EMIT_LOC_STRINGS = NO;
				SWIFT_UPCOMING_FEATURE_MEMBER_IMPORT_VISIBILITY = YES;
				SWIFT_VERSION = 5.0;
				TEST_TARGET_NAME = EnvRibbon;
			};
			name = Debug;
		};
		E71F531B2F0F45A700EB6FFF /* Release */ = {
			isa = XCBuildConfiguration;
			buildSettings = {
				CODE_SIGN_STYLE = Automatic;
				CURRENT_PROJECT_VERSION = 1;
				DEVELOPMENT_TEAM = K592PDZV3J;
				GENERATE_INFOPLIST_FILE = YES;
				MARKETING_VERSION = 1.0;
				PRODUCT_BUNDLE_IDENTIFIER = BentoWeb.EnvRibbonUITests;
				PRODUCT_NAME = "$(TARGET_NAME)";
				STRING_CATALOG_GENERATE_SYMBOLS = NO;
				SWIFT_APPROACHABLE_CONCURRENCY = YES;
				SWIFT_EMIT_LOC_STRINGS = NO;
				SWIFT_UPCOMING_FEATURE_MEMBER_IMPORT_VISIBILITY = YES;
				SWIFT_VERSION = 5.0;
				TEST_TARGET_NAME = EnvRibbon;
			};
			name = Release;
		};
/* End XCBuildConfiguration section */

/* Begin XCConfigurationList section */
		E71F52ED2F0F45A600EB6FFF /* Build configuration list for PBXProject "EnvRibbon" */ = {
			isa = XCConfigurationList;
			buildConfigurations = (
				E71F53112F0F45A700EB6FFF /* Debug */,
				E71F53122F0F45A700EB6FFF /* Release */,
			);
			defaultConfigurationIsVisible = 0;
			defaultConfigurationName = Release;
		};
		E71F53132F0F45A700EB6FFF /* Build configuration list for PBXNativeTarget "EnvRibbon" */ = {
			isa = XCConfigurationList;
			buildConfigurations = (
				E71F53142F0F45A700EB6FFF /* Debug */,
				E71F53152F0F45A700EB6FFF /* Release */,
			);
			defaultConfigurationIsVisible = 0;
			defaultConfigurationName = Release;
		};
		E71F53162F0F45A700EB6FFF /* Build configuration list for PBXNativeTarget "EnvRibbonTests" */ = {
			isa = XCConfigurationList;
			buildConfigurations = (
				E71F53172F0F45A700EB6FFF /* Debug */,
				E71F53182F0F45A700EB6FFF /* Release */,
			);
			defaultConfigurationIsVisible = 0;
			defaultConfigurationName = Release;
		};
		E71F53192F0F45A700EB6FFF /* Build configuration list for PBXNativeTarget "EnvRibbonUITests" */ = {
			isa = XCConfigurationList;
			buildConfigurations = (
				E71F531A2F0F45A700EB6FFF /* Debug */,
				E71F531B2F0F45A700EB6FFF /* Release */,
			);
			defaultConfigurationIsVisible = 0;
			defaultConfigurationName = Release;
		};
/* End XCConfigurationList section */
	};
	rootObject = E71F52EA2F0F45A600EB6FFF /* Project object */;
}
